// !$*UTF8*$!
{
	archiveVersion = 1;
	classes = {
	};
	objectVersion = 55;
	objects = {

/* Begin PBXBuildFile section */
		1B0A9F0A276891CF00A53B6D /* GitRestApiApp.swift in Sources */ = {isa = PBXBuildFile; fileRef = 1B0A9F09276891CF00A53B6D /* GitRestApiApp.swift */; };
		1B0A9F0C276891CF00A53B6D /* ContentView.swift in Sources */ = {isa = PBXBuildFile; fileRef = 1B0A9F0B276891CF00A53B6D /* ContentView.swift */; };
		1B0A9F0E276891D300A53B6D /* Assets.xcassets in Resources */ = {isa = PBXBuildFile; fileRef = 1B0A9F0D276891D300A53B6D /* Assets.xcassets */; };
		1B0A9F11276891D300A53B6D /* Preview Assets.xcassets in Resources */ = {isa = PBXBuildFile; fileRef = 1B0A9F10276891D300A53B6D /* Preview Assets.xcassets */; };
		1B0A9F13276891D300A53B6D /* Persistence.swift in Sources */ = {isa = PBXBuildFile; fileRef = 1B0A9F12276891D300A53B6D /* Persistence.swift */; };
		1B0A9F16276891D300A53B6D /* GitRestApiApp.xcdatamodeld in Sources */ = {isa = PBXBuildFile; fileRef = 1B0A9F14276891D300A53B6D /* GitRestApiApp.xcdatamodeld */; };
		1B0A9F20276891D400A53B6D /* GitRestApiAppTests.swift in Sources */ = {isa = PBXBuildFile; fileRef = 1B0A9F1F276891D400A53B6D /* GitRestApiAppTests.swift */; };
		1B0A9F2A276891D400A53B6D /* GitRestApiAppUITests.swift in Sources */ = {isa = PBXBuildFile; fileRef = 1B0A9F29276891D400A53B6D /* GitRestApiAppUITests.swift */; };
		1B0A9F2C276891D400A53B6D /* GitRestApiAppUITestsLaunchTests.swift in Sources */ = {isa = PBXBuildFile; fileRef = 1B0A9F2B276891D400A53B6D /* GitRestApiAppUITestsLaunchTests.swift */; };
		1B0A9F392768976400A53B6D /* ResultView.swift in Sources */ = {isa = PBXBuildFile; fileRef = 1B0A9F382768976400A53B6D /* ResultView.swift */; };
		1B0A9F3B2768AB1B00A53B6D /* GitApi.swift in Sources */ = {isa = PBXBuildFile; fileRef = 1B0A9F3A2768AB1B00A53B6D /* GitApi.swift */; };
/* End PBXBuildFile section */

/* Begin PBXContainerItemProxy section */
		1B0A9F1C276891D400A53B6D /* PBXContainerItemProxy */ = {
			isa = PBXContainerItemProxy;
			containerPortal = 1B0A9EFE276891CF00A53B6D /* Project object */;
			proxyType = 1;
			remoteGlobalIDString = 1B0A9F05276891CF00A53B6D;
			remoteInfo = GitRestApiApp;
		};
		1B0A9F26276891D400A53B6D /* PBXContainerItemProxy */ = {
			isa = PBXContainerItemProxy;
			containerPortal = 1B0A9EFE276891CF00A53B6D /* Project object */;
			proxyType = 1;
			remoteGlobalIDString = 1B0A9F05276891CF00A53B6D;
			remoteInfo = GitRestApiApp;
		};
/* End PBXContainerItemProxy section */

/* Begin PBXFileReference section */
		1B0A9F06276891CF00A53B6D /* GitRestApiApp.app */ = {isa = PBXFileReference; explicitFileType = wrapper.application; includeInIndex = 0; path = GitRestApiApp.app; sourceTree = BUILT_PRODUCTS_DIR; };
		1B0A9F09276891CF00A53B6D /* GitRestApiApp.swift */ = {isa = PBXFileReference; lastKnownFileType = sourcecode.swift; path = GitRestApiApp.swift; sourceTree = "<group>"; };
		1B0A9F0B276891CF00A53B6D /* ContentView.swift */ = {isa = PBXFileReference; lastKnownFileType = sourcecode.swift; path = ContentView.swift; sourceTree = "<group>"; };
		1B0A9F0D276891D300A53B6D /* Assets.xcassets */ = {isa = PBXFileReference; lastKnownFileType = folder.assetcatalog; path = Assets.xcassets; sourceTree = "<group>"; };
		1B0A9F10276891D300A53B6D /* Preview Assets.xcassets */ = {isa = PBXFileReference; lastKnownFileType = folder.assetcatalog; path = "Preview Assets.xcassets"; sourceTree = "<group>"; };
		1B0A9F12276891D300A53B6D /* Persistence.swift */ = {isa = PBXFileReference; lastKnownFileType = sourcecode.swift; path = Persistence.swift; sourceTree = "<group>"; };
		1B0A9F15276891D300A53B6D /* GitRestApiApp.xcdatamodel */ = {isa = PBXFileReference; lastKnownFileType = wrapper.xcdatamodel; path = GitRestApiApp.xcdatamodel; sourceTree = "<group>"; };
		1B0A9F1B276891D400A53B6D /* GitRestApiAppTests.xctest */ = {isa = PBXFileReference; explicitFileType = wrapper.cfbundle; includeInIndex = 0; path = GitRestApiAppTests.xctest; sourceTree = BUILT_PRODUCTS_DIR; };
		1B0A9F1F276891D400A53B6D /* GitRestApiAppTests.swift */ = {isa = PBXFileReference; lastKnownFileType = sourcecode.swift; path = GitRestApiAppTests.swift; sourceTree = "<group>"; };
		1B0A9F25276891D400A53B6D /* GitRestApiAppUITests.xctest */ = {isa = PBXFileReference; explicitFileType = wrapper.cfbundle; includeInIndex = 0; path = GitRestApiAppUITests.xctest; sourceTree = BUILT_PRODUCTS_DIR; };
		1B0A9F29276891D400A53B6D /* GitRestApiAppUITests.swift */ = {isa = PBXFileReference; lastKnownFileType = sourcecode.swift; path = GitRestApiAppUITests.swift; sourceTree = "<group>"; };
		1B0A9F2B276891D400A53B6D /* GitRestApiAppUITestsLaunchTests.swift */ = {isa = PBXFileReference; lastKnownFileType = sourcecode.swift; path = GitRestApiAppUITestsLaunchTests.swift; sourceTree = "<group>"; };
		1B0A9F382768976400A53B6D /* ResultView.swift */ = {isa = PBXFileReference; lastKnownFileType = sourcecode.swift; path = ResultView.swift; sourceTree = "<group>"; };
		1B0A9F3A2768AB1B00A53B6D /* GitApi.swift */ = {isa = PBXFileReference; lastKnownFileType = sourcecode.swift; path = GitApi.swift; sourceTree = "<group>"; };
/* End PBXFileReference section */

/* Begin PBXFrameworksBuildPhase section */
		1B0A9F03276891CF00A53B6D /* Frameworks */ = {
			isa = PBXFrameworksBuildPhase;
			buildActionMask = 2147483647;
			files = (
			);
			runOnlyForDeploymentPostprocessing = 0;
		};
		1B0A9F18276891D400A53B6D /* Frameworks */ = {
			isa = PBXFrameworksBuildPhase;
			buildActionMask = 2147483647;
			files = (
			);
			runOnlyForDeploymentPostprocessing = 0;
		};
		1B0A9F22276891D400A53B6D /* Frameworks */ = {
			isa = PBXFrameworksBuildPhase;
			buildActionMask = 2147483647;
			files = (
			);
			runOnlyForDeploymentPostprocessing = 0;
		};
/* End PBXFrameworksBuildPhase section */

/* Begin PBXGroup section */
		1B0A9EFD276891CF00A53B6D = {
			isa = PBXGroup;
			children = (
				1B0A9F08276891CF00A53B6D /* GitRestApiApp */,
				1B0A9F1E276891D400A53B6D /* GitRestApiAppTests */,
				1B0A9F28276891D400A53B6D /* GitRestApiAppUITests */,
				1B0A9F07276891CF00A53B6D /* Products */,
			);
			sourceTree = "<group>";
		};
		1B0A9F07276891CF00A53B6D /* Products */ = {
			isa = PBXGroup;
			children = (
				1B0A9F06276891CF00A53B6D /* GitRestApiApp.app */,
				1B0A9F1B276891D400A53B6D /* GitRestApiAppTests.xctest */,
				1B0A9F25276891D400A53B6D /* GitRestApiAppUITests.xctest */,
			);
			name = Products;
			sourceTree = "<group>";
		};
		1B0A9F08276891CF00A53B6D /* GitRestApiApp */ = {
			isa = PBXGroup;
			children = (
				1B0A9F09276891CF00A53B6D /* GitRestApiApp.swift */,
				1B0A9F0B276891CF00A53B6D /* ContentView.swift */,
				1B0A9F382768976400A53B6D /* ResultView.swift */,
				1B0A9F3A2768AB1B00A53B6D /* GitApi.swift */,
				1B0A9F0D276891D300A53B6D /* Assets.xcassets */,
				1B0A9F12276891D300A53B6D /* Persistence.swift */,
				1B0A9F14276891D300A53B6D /* GitRestApiApp.xcdatamodeld */,
				1B0A9F0F276891D300A53B6D /* Preview Content */,
			);
			path = GitRestApiApp;
			sourceTree = "<group>";
		};
		1B0A9F0F276891D300A53B6D /* Preview Content */ = {
			isa = PBXGroup;
			children = (
				1B0A9F10276891D300A53B6D /* Preview Assets.xcassets */,
			);
			path = "Preview Content";
			sourceTree = "<group>";
		};
		1B0A9F1E276891D400A53B6D /* GitRestApiAppTests */ = {
			isa = PBXGroup;
			children = (
				1B0A9F1F276891D400A53B6D /* GitRestApiAppTests.swift */,
			);
			path = GitRestApiAppTests;
			sourceTree = "<group>";
		};
		1B0A9F28276891D400A53B6D /* GitRestApiAppUITests */ = {
			isa = PBXGroup;
			children = (
				1B0A9F29276891D400A53B6D /* GitRestApiAppUITests.swift */,
				1B0A9F2B276891D400A53B6D /* GitRestApiAppUITestsLaunchTests.swift */,
			);
			path = GitRestApiAppUITests;
			sourceTree = "<group>";
		};
/* End PBXGroup section */

/* Begin PBXNativeTarget section */
		1B0A9F05276891CF00A53B6D /* GitRestApiApp */ = {
			isa = PBXNativeTarget;
			buildConfigurationList = 1B0A9F2F276891D400A53B6D /* Build configuration list for PBXNativeTarget "GitRestApiApp" */;
			buildPhases = (
				1B0A9F02276891CF00A53B6D /* Sources */,
				1B0A9F03276891CF00A53B6D /* Frameworks */,
				1B0A9F04276891CF00A53B6D /* Resources */,
			);
			buildRules = (
			);
			dependencies = (
			);
			name = GitRestApiApp;
			productName = GitRestApiApp;
			productReference = 1B0A9F06276891CF00A53B6D /* GitRestApiApp.app */;
			productType = "com.apple.product-type.application";
		};
		1B0A9F1A276891D400A53B6D /* GitRestApiAppTests */ = {
			isa = PBXNativeTarget;
			buildConfigurationList = 1B0A9F32276891D400A53B6D /* Build configuration list for PBXNativeTarget "GitRestApiAppTests" */;
			buildPhases = (
				1B0A9F17276891D400A53B6D /* Sources */,
				1B0A9F18276891D400A53B6D /* Frameworks */,
				1B0A9F19276891D400A53B6D /* Resources */,
			);
			buildRules = (
			);
			dependencies = (
				1B0A9F1D276891D400A53B6D /* PBXTargetDependency */,
			);
			name = GitRestApiAppTests;
			productName = GitRestApiAppTests;
			productReference = 1B0A9F1B276891D400A53B6D /* GitRestApiAppTests.xctest */;
			productType = "com.apple.product-type.bundle.unit-test";
		};
		1B0A9F24276891D400A53B6D /* GitRestApiAppUITests */ = {
			isa = PBXNativeTarget;
			buildConfigurationList = 1B0A9F35276891D400A53B6D /* Build configuration list for PBXNativeTarget "GitRestApiAppUITests" */;
			buildPhases = (
				1B0A9F21276891D400A53B6D /* Sources */,
				1B0A9F22276891D400A53B6D /* Frameworks */,
				1B0A9F23276891D400A53B6D /* Resources */,
			);
			buildRules = (
			);
			dependencies = (
				1B0A9F27276891D400A53B6D /* PBXTargetDependency */,
			);
			name = GitRestApiAppUITests;
			productName = GitRestApiAppUITests;
			productReference = 1B0A9F25276891D400A53B6D /* GitRestApiAppUITests.xctest */;
			productType = "com.apple.product-type.bundle.ui-testing";
		};
/* End PBXNativeTarget section */

/* Begin PBXProject section */
		1B0A9EFE276891CF00A53B6D /* Project object */ = {
			isa = PBXProject;
			attributes = {
				BuildIndependentTargetsInParallel = 1;
				LastSwiftUpdateCheck = 1310;
				LastUpgradeCheck = 1310;
				TargetAttributes = {
					1B0A9F05276891CF00A53B6D = {
						CreatedOnToolsVersion = 13.1;
					};
					1B0A9F1A276891D400A53B6D = {
						CreatedOnToolsVersion = 13.1;
						TestTargetID = 1B0A9F05276891CF00A53B6D;
					};
					1B0A9F24276891D400A53B6D = {
						CreatedOnToolsVersion = 13.1;
						TestTargetID = 1B0A9F05276891CF00A53B6D;
					};
				};
			};
			buildConfigurationList = 1B0A9F01276891CF00A53B6D /* Build configuration list for PBXProject "GitRestApiApp" */;
			compatibilityVersion = "Xcode 13.0";
			developmentRegion = en;
			hasScannedForEncodings = 0;
			knownRegions = (
				en,
				Base,
			);
			mainGroup = 1B0A9EFD276891CF00A53B6D;
			productRefGroup = 1B0A9F07276891CF00A53B6D /* Products */;
			projectDirPath = "";
			projectRoot = "";
			targets = (
				1B0A9F05276891CF00A53B6D /* GitRestApiApp */,
				1B0A9F1A276891D400A53B6D /* GitRestApiAppTests */,
				1B0A9F24276891D400A53B6D /* GitRestApiAppUITests */,
			);
		};
/* End PBXProject section */

/* Begin PBXResourcesBuildPhase section */
		1B0A9F04276891CF00A53B6D /* Resources */ = {
			isa = PBXResourcesBuildPhase;
			buildActionMask = 2147483647;
			files = (
				1B0A9F11276891D300A53B6D /* Preview Assets.xcassets in Resources */,
				1B0A9F0E276891D300A53B6D /* Assets.xcassets in Resources */,
			);
			runOnlyForDeploymentPostprocessing = 0;
		};
		1B0A9F19276891D400A53B6D /* Resources */ = {
			isa = PBXResourcesBuildPhase;
			buildActionMask = 2147483647;
			files = (
			);
			runOnlyForDeploymentPostprocessing = 0;
		};
		1B0A9F23276891D400A53B6D /* Resources */ = {
			isa = PBXResourcesBuildPhase;
			buildActionMask = 2147483647;
			files = (
			);
			runOnlyForDeploymentPostprocessing = 0;
		};
/* End PBXResourcesBuildPhase section */

/* Begin PBXSourcesBuildPhase section */
		1B0A9F02276891CF00A53B6D /* Sources */ = {
			isa = PBXSourcesBuildPhase;
			buildActionMask = 2147483647;
			files = (
				1B0A9F13276891D300A53B6D /* Persistence.swift in Sources */,
				1B0A9F0C276891CF00A53B6D /* ContentView.swift in Sources */,
				1B0A9F392768976400A53B6D /* ResultView.swift in Sources */,
				1B0A9F0A276891CF00A53B6D /* GitRestApiApp.swift in Sources */,
				1B0A9F16276891D300A53B6D /* GitRestApiApp.xcdatamodeld in Sources */,
				1B0A9F3B2768AB1B00A53B6D /* GitApi.swift in Sources */,
			);
			runOnlyForDeploymentPostprocessing = 0;
		};
		1B0A9F17276891D400A53B6D /* Sources */ = {
			isa = PBXSourcesBuildPhase;
			buildActionMask = 2147483647;
			files = (
				1B0A9F20276891D400A53B6D /* GitRestApiAppTests.swift in Sources */,
			);
			runOnlyForDeploymentPostprocessing = 0;
		};
		1B0A9F21276891D400A53B6D /* Sources */ = {
			isa = PBXSourcesBuildPhase;
			buildActionMask = 2147483647;
			files = (
				1B0A9F2C276891D400A53B6D /* GitRestApiAppUITestsLaunchTests.swift in Sources */,
				1B0A9F2A276891D400A53B6D /* GitRestApiAppUITests.swift in Sources */,
			);
			runOnlyForDeploymentPostprocessing = 0;
		};
/* End PBXSourcesBuildPhase section */

/* Begin PBXTargetDependency section */
		1B0A9F1D276891D400A53B6D /* PBXTargetDependency */ = {
			isa = PBXTargetDependency;
			target = 1B0A9F05276891CF00A53B6D /* GitRestApiApp */;
			targetProxy = 1B0A9F1C276891D400A53B6D /* PBXContainerItemProxy */;
		};
		1B0A9F27276891D400A53B6D /* PBXTargetDependency */ = {
			isa = PBXTargetDependency;
			target = 1B0A9F05276891CF00A53B6D /* GitRestApiApp */;
			targetProxy = 1B0A9F26276891D400A53B6D /* PBXContainerItemProxy */;
		};
/* End PBXTargetDependency section */

/* Begin XCBuildConfiguration section */
		1B0A9F2D276891D400A53B6D /* Debug */ = {
			isa = XCBuildConfiguration;
			buildSettings = {
				ALWAYS_SEARCH_USER_PATHS = NO;
				CLANG_ANALYZER_NONNULL = YES;
				CLANG_ANALYZER_NUMBER_OBJECT_CONVERSION = YES_AGGRESSIVE;
				CLANG_CXX_LANGUAGE_STANDARD = "gnu++17";
				CLANG_CXX_LIBRARY = "libc++";
				CLANG_ENABLE_MODULES = YES;
				CLANG_ENABLE_OBJC_ARC = YES;
				CLANG_ENABLE_OBJC_WEAK = YES;
				CLANG_WARN_BLOCK_CAPTURE_AUTORELEASING = YES;
				CLANG_WARN_BOOL_CONVERSION = YES;
				CLANG_WARN_COMMA = YES;
				CLANG_WARN_CONSTANT_CONVERSION = YES;
				CLANG_WARN_DEPRECATED_OBJC_IMPLEMENTATIONS = YES;
				CLANG_WARN_DIRECT_OBJC_ISA_USAGE = YES_ERROR;
				CLANG_WARN_DOCUMENTATION_COMMENTS = YES;
				CLANG_WARN_EMPTY_BODY = YES;
				CLANG_WARN_ENUM_CONVERSION = YES;
				CLANG_WARN_INFINITE_RECURSION = YES;
				CLANG_WARN_INT_CONVERSION = YES;
				CLANG_WARN_NON_LITERAL_NULL_CONVERSION = YES;
				CLANG_WARN_OBJC_IMPLICIT_RETAIN_SELF = YES;
				CLANG_WARN_OBJC_LITERAL_CONVERSION = YES;
				CLANG_WARN_OBJC_ROOT_CLASS = YES_ERROR;
				CLANG_WARN_QUOTED_INCLUDE_IN_FRAMEWORK_HEADER = YES;
				CLANG_WARN_RANGE_LOOP_ANALYSIS = YES;
				CLANG_WARN_STRICT_PROTOTYPES = YES;
				CLANG_WARN_SUSPICIOUS_MOVE = YES;
				CLANG_WARN_UNGUARDED_AVAILABILITY = YES_AGGRESSIVE;
				CLANG_WARN_UNREACHABLE_CODE = YES;
				CLANG_WARN__DUPLICATE_METHOD_MATCH = YES;
				COPY_PHASE_STRIP = NO;
				DEBUG_INFORMATION_FORMAT = dwarf;
				ENABLE_STRICT_OBJC_MSGSEND = YES;
				ENABLE_TESTABILITY = YES;
				GCC_C_LANGUAGE_STANDARD = gnu11;
				GCC_DYNAMIC_NO_PIC = NO;
				GCC_NO_COMMON_BLOCKS = YES;
				GCC_OPTIMIZATION_LEVEL = 0;
				GCC_PREPROCESSOR_DEFINITIONS = (
					"DEBUG=1",
					"$(inherited)",
				);
				GCC_WARN_64_TO_32_BIT_CONVERSION = YES;
				GCC_WARN_ABOUT_RETURN_TYPE = YES_ERROR;
				GCC_WARN_UNDECLARED_SELECTOR = YES;
				GCC_WARN_UNINITIALIZED_AUTOS = YES_AGGRESSIVE;
				GCC_WARN_UNUSED_FUNCTION = YES;
				GCC_WARN_UNUSED_VARIABLE = YES;
				IPHONEOS_DEPLOYMENT_TARGET = 15.0;
				MTL_ENABLE_DEBUG_INFO = INCLUDE_SOURCE;
				MTL_FAST_MATH = YES;
				ONLY_ACTIVE_ARCH = YES;
				SDKROOT = iphoneos;
				SWIFT_ACTIVE_COMPILATION_CONDITIONS = DEBUG;
				SWIFT_OPTIMIZATION_LEVEL = "-Onone";
			};
			name = Debug;
		};
		1B0A9F2E276891D400A53B6D /* Release */ = {
			isa = XCBuildConfiguration;
			buildSettings = {
				ALWAYS_SEARCH_USER_PATHS = NO;
				CLANG_ANALYZER_NONNULL = YES;
				CLANG_ANALYZER_NUMBER_OBJECT_CONVERSION = YES_AGGRESSIVE;
				CLANG_CXX_LANGUAGE_STANDARD = "gnu++17";
				CLANG_CXX_LIBRARY = "libc++";
				CLANG_ENABLE_MODULES = YES;
				CLANG_ENABLE_OBJC_ARC = YES;
				CLANG_ENABLE_OBJC_WEAK = YES;
				CLANG_WARN_BLOCK_CAPTURE_AUTORELEASING = YES;
				CLANG_WARN_BOOL_CONVERSION = YES;
				CLANG_WARN_COMMA = YES;
				CLANG_WARN_CONSTANT_CONVERSION = YES;
				CLANG_WARN_DEPRECATED_OBJC_IMPLEMENTATIONS = YES;
				CLANG_WARN_DIRECT_OBJC_ISA_USAGE = YES_ERROR;
				CLANG_WARN_DOCUMENTATION_COMMENTS = YES;
				CLANG_WARN_EMPTY_BODY = YES;
				CLANG_WARN_ENUM_CONVERSION = YES;
				CLANG_WARN_INFINITE_RECURSION = YES;
				CLANG_WARN_INT_CONVERSION = YES;
				CLANG_WARN_NON_LITERAL_NULL_CONVERSION = YES;
				CLANG_WARN_OBJC_IMPLICIT_RETAIN_SELF = YES;
				CLANG_WARN_OBJC_LITERAL_CONVERSION = YES;
				CLANG_WARN_OBJC_ROOT_CLASS = YES_ERROR;
				CLANG_WARN_QUOTED_INCLUDE_IN_FRAMEWORK_HEADER = YES;
				CLANG_WARN_RANGE_LOOP_ANALYSIS = YES;
				CLANG_WARN_STRICT_PROTOTYPES = YES;
				CLANG_WARN_SUSPICIOUS_MOVE = YES;
				CLANG_WARN_UNGUARDED_AVAILABILITY = YES_AGGRESSIVE;
				CLANG_WARN_UNREACHABLE_CODE = YES;
				CLANG_WARN__DUPLICATE_METHOD_MATCH = YES;
				COPY_PHASE_STRIP = NO;
				DEBUG_INFORMATION_FORMAT = "dwarf-with-dsym";
				ENABLE_NS_ASSERTIONS = NO;
				ENABLE_STRICT_OBJC_MSGSEND = YES;
				GCC_C_LANGUAGE_STANDARD = gnu11;
				GCC_NO_COMMON_BLOCKS = YES;
				GCC_WARN_64_TO_32_BIT_CONVERSION = YES;
				GCC_WARN_ABOUT_RETURN_TYPE = YES_ERROR;
				GCC_WARN_UNDECLARED_SELECTOR = YES;
				GCC_WARN_UNINITIALIZED_AUTOS = YES_AGGRESSIVE;
				GCC_WARN_UNUSED_FUNCTION = YES;
				GCC_WARN_UNUSED_VARIABLE = YES;
				IPHONEOS_DEPLOYMENT_TARGET = 15.0;
				MTL_ENABLE_DEBUG_INFO = NO;
				MTL_FAST_MATH = YES;
				SDKROOT = iphoneos;
				SWIFT_COMPILATION_MODE = wholemodule;
				SWIFT_OPTIMIZATION_LEVEL = "-O";
				VALIDATE_PRODUCT = YES;
			};
			name = Release;
		};
		1B0A9F30276891D400A53B6D /* Debug */ = {
			isa = XCBuildConfiguration;
			buildSettings = {
				ASSETCATALOG_COMPILER_APPICON_NAME = AppIcon;
				ASSETCATALOG_COMPILER_GLOBAL_ACCENT_COLOR_NAME = AccentColor;
				CODE_SIGN_STYLE = Automatic;
				CURRENT_PROJECT_VERSION = 1;
				DEVELOPMENT_ASSET_PATHS = "\"GitRestApiApp/Preview Content\"";
				DEVELOPMENT_TEAM = T7C88E67XW;
				ENABLE_PREVIEWS = YES;
				GENERATE_INFOPLIST_FILE = YES;
				INFOPLIST_KEY_UIApplicationSceneManifest_Generation = YES;
				INFOPLIST_KEY_UIApplicationSupportsIndirectInputEvents = YES;
				INFOPLIST_KEY_UILaunchScreen_Generation = YES;
				INFOPLIST_KEY_UISupportedInterfaceOrientations_iPad = "UIInterfaceOrientationPortrait UIInterfaceOrientationPortraitUpsideDown UIInterfaceOrientationLandscapeLeft UIInterfaceOrientationLandscapeRight";
				INFOPLIST_KEY_UISupportedInterfaceOrientations_iPhone = "UIInterfaceOrientationPortrait UIInterfaceOrientationLandscapeLeft UIInterfaceOrientationLandscapeRight";
				LD_RUNPATH_SEARCH_PATHS = (
					"$(inherited)",
					"@executable_path/Frameworks",
				);
				MARKETING_VERSION = 1.0;
				PRODUCT_BUNDLE_IDENTIFIER = inc.shiraai.GitRestApiApp;
				PRODUCT_NAME = "$(TARGET_NAME)";
				SWIFT_EMIT_LOC_STRINGS = YES;
				SWIFT_VERSION = 5.0;
				TARGETED_DEVICE_FAMILY = "1,2";
			};
			name = Debug;
		};
		1B0A9F31276891D400A53B6D /* Release */ = {
			isa = XCBuildConfiguration;
			buildSettings = {
				ASSETCATALOG_COMPILER_APPICON_NAME = AppIcon;
				ASSETCATALOG_COMPILER_GLOBAL_ACCENT_COLOR_NAME = AccentColor;
				CODE_SIGN_STYLE = Automatic;
				CURRENT_PROJECT_VERSION = 1;
				DEVELOPMENT_ASSET_PATHS = "\"GitRestApiApp/Preview Content\"";
				DEVELOPMENT_TEAM = T7C88E67XW;
				ENABLE_PREVIEWS = YES;
				GENERATE_INFOPLIST_FILE = YES;
				INFOPLIST_KEY_UIApplicationSceneManifest_Generation = YES;
				INFOPLIST_KEY_UIApplicationSupportsIndirectInputEvents = YES;
				INFOPLIST_KEY_UILaunchScreen_Generation = YES;
				INFOPLIST_KEY_UISupportedInterfaceOrientations_iPad = "UIInterfaceOrientationPortrait UIInterfaceOrientationPortraitUpsideDown UIInterfaceOrientationLandscapeLeft UIInterfaceOrientationLandscapeRight";
				INFOPLIST_KEY_UISupportedInterfaceOrientations_iPhone = "UIInterfaceOrientationPortrait UIInterfaceOrientationLandscapeLeft UIInterfaceOrientationLandscapeRight";
				LD_RUNPATH_SEARCH_PATHS = (
					"$(inherited)",
					"@executable_path/Frameworks",
				);
				MARKETING_VERSION = 1.0;
				PRODUCT_BUNDLE_IDENTIFIER = inc.shiraai.GitRestApiApp;
				PRODUCT_NAME = "$(TARGET_NAME)";
				SWIFT_EMIT_LOC_STRINGS = YES;
				SWIFT_VERSION = 5.0;
				TARGETED_DEVICE_FAMILY = "1,2";
			};
			name = Release;
		};
		1B0A9F33276891D400A53B6D /* Debug */ = {
			isa = XCBuildConfiguration;
			buildSettings = {
				ALWAYS_EMBED_SWIFT_STANDARD_LIBRARIES = YES;
				BUNDLE_LOADER = "$(TEST_HOST)";
				CODE_SIGN_STYLE = Automatic;
				CURRENT_PROJECT_VERSION = 1;
				DEVELOPMENT_TEAM = T7C88E67XW;
				GENERATE_INFOPLIST_FILE = YES;
				IPHONEOS_DEPLOYMENT_TARGET = 15.0;
				LD_RUNPATH_SEARCH_PATHS = (
					"$(inherited)",
					"@executable_path/Frameworks",
					"@loader_path/Frameworks",
				);
				MARKETING_VERSION = 1.0;
				PRODUCT_BUNDLE_IDENTIFIER = inc.shiraai.GitRestApiAppTests;
				PRODUCT_NAME = "$(TARGET_NAME)";
				SWIFT_EMIT_LOC_STRINGS = NO;
				SWIFT_VERSION = 5.0;
				TARGETED_DEVICE_FAMILY = "1,2";
				TEST_HOST = "$(BUILT_PRODUCTS_DIR)/GitRestApiApp.app/GitRestApiApp";
			};
			name = Debug;
		};
		1B0A9F34276891D400A53B6D /* Release */ = {
			isa = XCBuildConfiguration;
			buildSettings = {
				ALWAYS_EMBED_SWIFT_STANDARD_LIBRARIES = YES;
				BUNDLE_LOADER = "$(TEST_HOST)";
				CODE_SIGN_STYLE = Automatic;
				CURRENT_PROJECT_VERSION = 1;
				DEVELOPMENT_TEAM = T7C88E67XW;
				GENERATE_INFOPLIST_FILE = YES;
				IPHONEOS_DEPLOYMENT_TARGET = 15.0;
				LD_RUNPATH_SEARCH_PATHS = (
					"$(inherited)",
					"@executable_path/Frameworks",
					"@loader_path/Frameworks",
				);
				MARKETING_VERSION = 1.0;
				PRODUCT_BUNDLE_IDENTIFIER = inc.shiraai.GitRestApiAppTests;
				PRODUCT_NAME = "$(TARGET_NAME)";
				SWIFT_EMIT_LOC_STRINGS = NO;
				SWIFT_VERSION = 5.0;
				TARGETED_DEVICE_FAMILY = "1,2";
				TEST_HOST = "$(BUILT_PRODUCTS_DIR)/GitRestApiApp.app/GitRestApiApp";
			};
			name = Release;
		};
		1B0A9F36276891D400A53B6D /* Debug */ = {
			isa = XCBuildConfiguration;
			buildSettings = {
				ALWAYS_EMBED_SWIFT_STANDARD_LIBRARIES = YES;
				CODE_SIGN_STYLE = Automatic;
				CURRENT_PROJECT_VERSION = 1;
				DEVELOPMENT_TEAM = T7C88E67XW;
				GENERATE_INFOPLIST_FILE = YES;
				LD_RUNPATH_SEARCH_PATHS = (
					"$(inherited)",
					"@executable_path/Frameworks",
					"@loader_path/Frameworks",
				);
				MARKETING_VERSION = 1.0;
				PRODUCT_BUNDLE_IDENTIFIER = inc.shiraai.GitRestApiAppUITests;
				PRODUCT_NAME = "$(TARGET_NAME)";
				SWIFT_EMIT_LOC_STRINGS = NO;
				SWIFT_VERSION = 5.0;
				TARGETED_DEVICE_FAMILY = "1,2";
				TEST_TARGET_NAME = GitRestApiApp;
			};
			name = Debug;
		};
		1B0A9F37276891D400A53B6D /* Release */ = {
			isa = XCBuildConfiguration;
			buildSettings = {
				ALWAYS_EMBED_SWIFT_STANDARD_LIBRARIES = YES;
				CODE_SIGN_STYLE = Automatic;
				CURRENT_PROJECT_VERSION = 1;
				DEVELOPMENT_TEAM = T7C88E67XW;
				GENERATE_INFOPLIST_FILE = YES;
				LD_RUNPATH_SEARCH_PATHS = (
					"$(inherited)",
					"@executable_path/Frameworks",
					"@loader_path/Frameworks",
				);
				MARKETING_VERSION = 1.0;
				PRODUCT_BUNDLE_IDENTIFIER = inc.shiraai.GitRestApiAppUITests;
				PRODUCT_NAME = "$(TARGET_NAME)";
				SWIFT_EMIT_LOC_STRINGS = NO;
				SWIFT_VERSION = 5.0;
				TARGETED_DEVICE_FAMILY = "1,2";
				TEST_TARGET_NAME = GitRestApiApp;
			};
			name = Release;
		};
/* End XCBuildConfiguration section */

/* Begin XCConfigurationList section */
		1B0A9F01276891CF00A53B6D /* Build configuration list for PBXProject "GitRestApiApp" */ = {
			isa = XCConfigurationList;
			buildConfigurations = (
				1B0A9F2D276891D400A53B6D /* Debug */,
				1B0A9F2E276891D400A53B6D /* Release */,
			);
			defaultConfigurationIsVisible = 0;
			defaultConfigurationName = Release;
		};
		1B0A9F2F276891D400A53B6D /* Build configuration list for PBXNativeTarget "GitRestApiApp" */ = {
			isa = XCConfigurationList;
			buildConfigurations = (
				1B0A9F30276891D400A53B6D /* Debug */,
				1B0A9F31276891D400A53B6D /* Release */,
			);
			defaultConfigurationIsVisible = 0;
			defaultConfigurationName = Release;
		};
		1B0A9F32276891D400A53B6D /* Build configuration list for PBXNativeTarget "GitRestApiAppTests" */ = {
			isa = XCConfigurationList;
			buildConfigurations = (
				1B0A9F33276891D400A53B6D /* Debug */,
				1B0A9F34276891D400A53B6D /* Release */,
			);
			defaultConfigurationIsVisible = 0;
			defaultConfigurationName = Release;
		};
		1B0A9F35276891D400A53B6D /* Build configuration list for PBXNativeTarget "GitRestApiAppUITests" */ = {
			isa = XCConfigurationList;
			buildConfigurations = (
				1B0A9F36276891D400A53B6D /* Debug */,
				1B0A9F37276891D400A53B6D /* Release */,
			);
			defaultConfigurationIsVisible = 0;
			defaultConfigurationName = Release;
		};
/* End XCConfigurationList section */

/* Begin XCVersionGroup section */
		1B0A9F14276891D300A53B6D /* GitRestApiApp.xcdatamodeld */ = {
			isa = XCVersionGroup;
			children = (
				1B0A9F15276891D300A53B6D /* GitRestApiApp.xcdatamodel */,
			);
			currentVersion = 1B0A9F15276891D300A53B6D /* GitRestApiApp.xcdatamodel */;
			path = GitRestApiApp.xcdatamodeld;
			sourceTree = "<group>";
			versionGroupType = wrapper.xcdatamodel;
		};
/* End XCVersionGroup section */
	};
	rootObject = 1B0A9EFE276891CF00A53B6D /* Project object */;
}
